Microsoft Visual Studio Solution File, Format Version 12.00
# Visual Studio 15
VisualStudioVersion = 15.0.26403.3
MinimumVisualStudioVersion = 10.0.40219.1
Project("{FAE04EC0-301F-11D3-BF4B-00C04F79EFBC}") = "LibUI", "LibUI\LibUI.csproj", "{0C3C687C-5B31-4FDF-A885-2312540D0E0C}"
EndProject
Project("{FAE04EC0-301F-11D3-BF4B-00C04F79EFBC}") = "LibAbstract", "LibAbstract\LibAbstract.csproj", "{96691127-F1D6-420C-BAA8-2148A8DA0AC7}"
EndProject
Project("{FAE04EC0-301F-11D3-BF4B-00C04F79EFBC}") = "LibModel", "LibModel\LibModel.csproj", "{3EFCA59D-E8F6-4AC8-8FA7-3FB5017ACF1E}"
EndProject
Global
	GlobalSection(SolutionConfigurationPlatforms) = preSolution
		Debug|Any CPU = Debug|Any CPU
		Debug|x64 = Debug|x64
		Debug|x86 = Debug|x86
		Release|Any CPU = Release|Any CPU
		Release|x64 = Release|x64
		Release|x86 = Release|x86
	EndGlobalSection
	GlobalSection(ProjectConfigurationPlatforms) = postSolution
		{0C3C687C-5B31-4FDF-A885-2312540D0E0C}.Debug|Any CPU.ActiveCfg = Debug|Any CPU
		{0C3C687C-5B31-4FDF-A885-2312540D0E0C}.Debug|Any CPU.Build.0 = Debug|Any CPU
		{0C3C687C-5B31-4FDF-A885-2312540D0E0C}.Debug|x64.ActiveCfg = Debug|Any CPU
		{0C3C687C-5B31-4FDF-A885-2312540D0E0C}.Debug|x64.Build.0 = Debug|Any CPU
		{0C3C687C-5B31-4FDF-A885-2312540D0E0C}.Debug|x86.ActiveCfg = Debug|Any CPU
		{0C3C687C-5B31-4FDF-A885-2312540D0E0C}.Debug|x86.Build.0 = Debug|Any CPU
		{0C3C687C-5B31-4FDF-A885-2312540D0E0C}.Release|Any CPU.ActiveCfg = Release|Any CPU
		{0C3C687C-5B31-4FDF-A885-2312540D0E0C}.Release|Any CPU.Build.0 = Release|Any CPU
		{0C3C687C-5B31-4FDF-A885-2312540D0E0C}.Release|x64.ActiveCfg = Release|Any CPU
		{0C3C687C-5B31-4FDF-A885-2312540D0E0C}.Release|x64.Build.0 = Release|Any CPU
		{0C3C687C-5B31-4FDF-A885-2312540D0E0C}.Release|x86.ActiveCfg = Release|Any CPU
		{0C3C687C-5B31-4FDF-A885-2312540D0E0C}.Release|x86.Build.0 = Release|Any CPU
		{96691127-F1D6-420C-BAA8-2148A8DA0AC7}.Debug|Any CPU.ActiveCfg = Debug|Any CPU
		{96691127-F1D6-420C-BAA8-2148A8DA0AC7}.Debug|Any CPU.Build.0 = Debug|Any CPU
		{96691127-F1D6-420C-BAA8-2148A8DA0AC7}.Debug|x64.ActiveCfg = Debug|Any CPU
		{96691127-F1D6-420C-BAA8-2148A8DA0AC7}.Debug|x64.Build.0 = Debug|Any CPU
		{96691127-F1D6-420C-BAA8-2148A8DA0AC7}.Debug|x86.ActiveCfg = Debug|Any CPU
		{96691127-F1D6-420C-BAA8-2148A8DA0AC7}.Debug|x86.Build.0 = Debug|Any CPU
		{96691127-F1D6-420C-BAA8-2148A8DA0AC7}.Release|Any CPU.ActiveCfg = Release|Any CPU
		{96691127-F1D6-420C-BAA8-2148A8DA0AC7}.Release|Any CPU.Build.0 = Release|Any CPU
		{96691127-F1D6-420C-BAA8-2148A8DA0AC7}.Release|x64.ActiveCfg = Release|Any CPU
		{96691127-F1D6-420C-BAA8-2148A8DA0AC7}.Release|x64.Build.0 = Release|Any CPU
		{96691127-F1D6-420C-BAA8-2148A8DA0AC7}.Release|x86.ActiveCfg = Release|Any CPU
		{96691127-F1D6-420C-BAA8-2148A8DA0AC7}.Release|x86.Build.0 = Release|Any CPU
		{3EFCA59D-E8F6-4AC8-8FA7-3FB5017ACF1E}.Debug|Any CPU.ActiveCfg = Debug|Any CPU
		{3EFCA59D-E8F6-4AC8-8FA7-3FB5017ACF1E}.Debug|Any CPU.Build.0 = Debug|Any CPU
		{3EFCA59D-E8F6-4AC8-8FA7-3FB5017ACF1E}.Debug|x64.ActiveCfg = Debug|Any CPU
		{3EFCA59D-E8F6-4AC8-8FA7-3FB5017ACF1E}.Debug|x64.Build.0 = Debug|Any CPU
		{3EFCA59D-E8F6-4AC8-8FA7-3FB5017ACF1E}.Debug|x86.ActiveCfg = Debug|Any CPU
		{3EFCA59D-E8F6-4AC8-8FA7-3FB5017ACF1E}.Debug|x86.Build.0 = Debug|Any CPU
		{3EFCA59D-E8F6-4AC8-8FA7-3FB5017ACF1E}.Release|Any CPU.ActiveCfg = Release|Any CPU
		{3EFCA59D-E8F6-4AC8-8FA7-3FB5017ACF1E}.Release|Any CPU.Build.0 = Release|Any CPU
		{3EFCA59D-E8F6-4AC8-8FA7-3FB5017ACF1E}.Release|x64.ActiveCfg = Release|Any CPU
		{3EFCA59D-E8F6-4AC8-8FA7-3FB5017ACF1E}.Release|x64.Build.0 = Release|Any CPU
		{3EFCA59D-E8F6-4AC8-8FA7-3FB5017ACF1E}.Release|x86.ActiveCfg = Release|Any CPU
		{3EFCA59D-E8F6-4AC8-8FA7-3FB5017ACF1E}.Release|x86.Build.0 = Release|Any CPU
	EndGlobalSection
	GlobalSection(SolutionProperties) = preSolution
		HideSolutionNode = FALSE
	EndGlobalSection
EndGlobal
